
Microsoft Visual Studio Solution File, Format Version 12.00
# Visual Studio Version 16
VisualStudioVersion = 16.0.31019.35
MinimumVisualStudioVersion = 10.0.40219.1
Project("{FAE04EC0-301F-11D3-BF4B-00C04F79EFBC}") = "ElevenNote.WebMVC", "ElevenNote.WebMVC\ElevenNote.WebMVC.csproj", "{ED52C92C-69A1-4E85-A91B-79138F4E1BD3}"
EndProject
Project("{FAE04EC0-301F-11D3-BF4B-00C04F79EFBC}") = "ElevenNote.Data", "ElevenNote.Data\ElevenNote.Data.csproj", "{0C5DB950-E174-44D4-9DEF-DD898A5A728B}"
EndProject
Project("{FAE04EC0-301F-11D3-BF4B-00C04F79EFBC}") = "ElevenNote.Models", "ElevenNote.Models\ElevenNote.Models.csproj", "{F79F5C71-6EA0-4593-AD83-54E7083D4650}"
EndProject
Project("{FAE04EC0-301F-11D3-BF4B-00C04F79EFBC}") = "ElevenNote.Services", "ElevenNote.Services\ElevenNote.Services.csproj", "{64F2B53F-EBAE-40E4-889D-7A03B8A87EBA}"
EndProject
Project("{FAE04EC0-301F-11D3-BF4B-00C04F79EFBC}") = "ElevenNote.Contracts", "ElevenNote.Contracts\ElevenNote.Contracts.csproj", "{C6C4BBFA-CB2A-4E39-9AC4-DF7772536B58}"
EndProject
Project("{FAE04EC0-301F-11D3-BF4B-00C04F79EFBC}") = "ElevenNote.Tests", "ElevenNote.Tests\ElevenNote.Tests.csproj", "{44EF5131-BBA6-460E-9F19-AE0E90829253}"
EndProject
Global
	GlobalSection(SolutionConfigurationPlatforms) = preSolution
		Debug|Any CPU = Debug|Any CPU
		Release|Any CPU = Release|Any CPU
	EndGlobalSection
	GlobalSection(ProjectConfigurationPlatforms) = postSolution
		{ED52C92C-69A1-4E85-A91B-79138F4E1BD3}.Debug|Any CPU.ActiveCfg = Debug|Any CPU
		{ED52C92C-69A1-4E85-A91B-79138F4E1BD3}.Debug|Any CPU.Build.0 = Debug|Any CPU
		{ED52C92C-69A1-4E85-A91B-79138F4E1BD3}.Release|Any CPU.ActiveCfg = Release|Any CPU
		{ED52C92C-69A1-4E85-A91B-79138F4E1BD3}.Release|Any CPU.Build.0 = Release|Any CPU
		{0C5DB950-E174-44D4-9DEF-DD898A5A728B}.Debug|Any CPU.ActiveCfg = Debug|Any CPU
		{0C5DB950-E174-44D4-9DEF-DD898A5A728B}.Debug|Any CPU.Build.0 = Debug|Any CPU
		{0C5DB950-E174-44D4-9DEF-DD898A5A728B}.Release|Any CPU.ActiveCfg = Release|Any CPU
		{0C5DB950-E174-44D4-9DEF-DD898A5A728B}.Release|Any CPU.Build.0 = Release|Any CPU
		{F79F5C71-6EA0-4593-AD83-54E7083D4650}.Debug|Any CPU.ActiveCfg = Debug|Any CPU
		{F79F5C71-6EA0-4593-AD83-54E7083D4650}.Debug|Any CPU.Build.0 = Debug|Any CPU
		{F79F5C71-6EA0-4593-AD83-54E7083D4650}.Release|Any CPU.ActiveCfg = Release|Any CPU
		{F79F5C71-6EA0-4593-AD83-54E7083D4650}.Release|Any CPU.Build.0 = Release|Any CPU
		{64F2B53F-EBAE-40E4-889D-7A03B8A87EBA}.Debug|Any CPU.ActiveCfg = Debug|Any CPU
		{64F2B53F-EBAE-40E4-889D-7A03B8A87EBA}.Debug|Any CPU.Build.0 = Debug|Any CPU
		{64F2B53F-EBAE-40E4-889D-7A03B8A87EBA}.Release|Any CPU.ActiveCfg = Release|Any CPU
		{64F2B53F-EBAE-40E4-889D-7A03B8A87EBA}.Release|Any CPU.Build.0 = Release|Any CPU
		{C6C4BBFA-CB2A-4E39-9AC4-DF7772536B58}.Debug|Any CPU.ActiveCfg = Debug|Any CPU
		{C6C4BBFA-CB2A-4E39-9AC4-DF7772536B58}.Debug|Any CPU.Build.0 = Debug|Any CPU
		{C6C4BBFA-CB2A-4E39-9AC4-DF7772536B58}.Release|Any CPU.ActiveCfg = Release|Any CPU
		{C6C4BBFA-CB2A-4E39-9AC4-DF7772536B58}.Release|Any CPU.Build.0 = Release|Any CPU
		{44EF5131-BBA6-460E-9F19-AE0E90829253}.Debug|Any CPU.ActiveCfg = Debug|Any CPU
		{44EF5131-BBA6-460E-9F19-AE0E90829253}.Debug|Any CPU.Build.0 = Debug|Any CPU
		{44EF5131-BBA6-460E-9F19-AE0E90829253}.Release|Any CPU.ActiveCfg = Release|Any CPU
		{44EF5131-BBA6-460E-9F19-AE0E90829253}.Release|Any CPU.Build.0 = Release|Any CPU
	EndGlobalSection
	GlobalSection(SolutionProperties) = preSolution
		HideSolutionNode = FALSE
	EndGlobalSection
	GlobalSection(ExtensibilityGlobals) = postSolution
		SolutionGuid = {8463056D-B4EC-4EBF-B261-174AACE5C3A2}
	EndGlobalSection
EndGlobal
